
Microsoft Visual Studio Solution File, Format Version 12.00
# Visual Studio Version 17
VisualStudioVersion = 17.8.34330.188
MinimumVisualStudioVersion = 10.0.40219.1
Project("{FAE04EC0-301F-11D3-BF4B-00C04F79EFBC}") = "BlazorApp1", "BlazorApp1\BlazorApp1\BlazorApp1.csproj", "{C6654B69-BC3C-497E-8ED4-44A9F03A70FC}"
EndProject
Project("{FAE04EC0-301F-11D3-BF4B-00C04F79EFBC}") = "BlazorApp1.Client", "BlazorApp1\BlazorApp1.Client\BlazorApp1.Client.csproj", "{01A4CFC9-DB01-4F53-86AB-A5C0A85BE735}"
EndProject
Global
	GlobalSection(SolutionConfigurationPlatforms) = preSolution
		Debug|Any CPU = Debug|Any CPU
		Release|Any CPU = Release|Any CPU
	EndGlobalSection
	GlobalSection(ProjectConfigurationPlatforms) = postSolution
		{C6654B69-BC3C-497E-8ED4-44A9F03A70FC}.Debug|Any CPU.ActiveCfg = Debug|Any CPU
		{C6654B69-BC3C-497E-8ED4-44A9F03A70FC}.Debug|Any CPU.Build.0 = Debug|Any CPU
		{C6654B69-BC3C-497E-8ED4-44A9F03A70FC}.Release|Any CPU.ActiveCfg = Release|Any CPU
		{C6654B69-BC3C-497E-8ED4-44A9F03A70FC}.Release|Any CPU.Build.0 = Release|Any CPU
		{01A4CFC9-DB01-4F53-86AB-A5C0A85BE735}.Debug|Any CPU.ActiveCfg = Debug|Any CPU
		{01A4CFC9-DB01-4F53-86AB-A5C0A85BE735}.Debug|Any CPU.Build.0 = Debug|Any CPU
		{01A4CFC9-DB01-4F53-86AB-A5C0A85BE735}.Release|Any CPU.ActiveCfg = Release|Any CPU
		{01A4CFC9-DB01-4F53-86AB-A5C0A85BE735}.Release|Any CPU.Build.0 = Release|Any CPU
	EndGlobalSection
	GlobalSection(SolutionProperties) = preSolution
		HideSolutionNode = FALSE
	EndGlobalSection
	GlobalSection(ExtensibilityGlobals) = postSolution
		SolutionGuid = {AA1E5F8D-1833-41E5-9719-24BA950A4A9A}
	EndGlobalSection
EndGlobal
